// !$*UTF8*$!
{
	archiveVersion = 1;
	classes = {
	};
	objectVersion = 56;
	objects = {

/* Begin PBXBuildFile section */
		3B1E241B2B73BF71009BBD83 /* shapeStyleView.swift in Sources */ = {isa = PBXBuildFile; fileRef = 3B1E241A2B73BF71009BBD83 /* shapeStyleView.swift */; };
		3B1E241E2B74E02C009BBD83 /* FoodListView.swift in Sources */ = {isa = PBXBuildFile; fileRef = 3B1E241D2B74E02C009BBD83 /* FoodListView.swift */; };
		3BA048EC2B824E2C00A6086B /* FoodFormView.swift in Sources */ = {isa = PBXBuildFile; fileRef = 3BA048EB2B824E2C00A6086B /* FoodFormView.swift */; };
		3BF662742B70DD3F002D3FEE /* FoodPicerApp.swift in Sources */ = {isa = PBXBuildFile; fileRef = 3BF662732B70DD3F002D3FEE /* FoodPicerApp.swift */; };
		3BF662762B70DD3F002D3FEE /* ContentView.swift in Sources */ = {isa = PBXBuildFile; fileRef = 3BF662752B70DD3F002D3FEE /* ContentView.swift */; };
		3BF662782B70DD40002D3FEE /* Assets.xcassets in Resources */ = {isa = PBXBuildFile; fileRef = 3BF662772B70DD40002D3FEE /* Assets.xcassets */; };
		3BF6627B2B70DD40002D3FEE /* Preview Assets.xcassets in Resources */ = {isa = PBXBuildFile; fileRef = 3BF6627A2B70DD40002D3FEE /* Preview Assets.xcassets */; };
		3BF662822B70DDB4002D3FEE /* Food.swift in Sources */ = {isa = PBXBuildFile; fileRef = 3BF662812B70DDB4002D3FEE /* Food.swift */; };
		3BF662842B72889E002D3FEE /* Extensions.swift in Sources */ = {isa = PBXBuildFile; fileRef = 3BF662832B72889E002D3FEE /* Extensions.swift */; };
/* End PBXBuildFile section */

/* Begin PBXFileReference section */
		3B1E241A2B73BF71009BBD83 /* shapeStyleView.swift */ = {isa = PBXFileReference; lastKnownFileType = sourcecode.swift; path = shapeStyleView.swift; sourceTree = "<group>"; };
		3B1E241D2B74E02C009BBD83 /* FoodListView.swift */ = {isa = PBXFileReference; lastKnownFileType = sourcecode.swift; path = FoodListView.swift; sourceTree = "<group>"; };
		3BA048EB2B824E2C00A6086B /* FoodFormView.swift */ = {isa = PBXFileReference; lastKnownFileType = sourcecode.swift; path = FoodFormView.swift; sourceTree = "<group>"; };
		3BF662702B70DD3F002D3FEE /* FoodPicer.app */ = {isa = PBXFileReference; explicitFileType = wrapper.application; includeInIndex = 0; path = FoodPicer.app; sourceTree = BUILT_PRODUCTS_DIR; };
		3BF662732B70DD3F002D3FEE /* FoodPicerApp.swift */ = {isa = PBXFileReference; lastKnownFileType = sourcecode.swift; path = FoodPicerApp.swift; sourceTree = "<group>"; };
		3BF662752B70DD3F002D3FEE /* ContentView.swift */ = {isa = PBXFileReference; lastKnownFileType = sourcecode.swift; path = ContentView.swift; sourceTree = "<group>"; };
		3BF662772B70DD40002D3FEE /* Assets.xcassets */ = {isa = PBXFileReference; lastKnownFileType = folder.assetcatalog; path = Assets.xcassets; sourceTree = "<group>"; };
		3BF6627A2B70DD40002D3FEE /* Preview Assets.xcassets */ = {isa = PBXFileReference; lastKnownFileType = folder.assetcatalog; path = "Preview Assets.xcassets"; sourceTree = "<group>"; };
		3BF662812B70DDB4002D3FEE /* Food.swift */ = {isa = PBXFileReference; lastKnownFileType = sourcecode.swift; path = Food.swift; sourceTree = "<group>"; };
		3BF662832B72889E002D3FEE /* Extensions.swift */ = {isa = PBXFileReference; lastKnownFileType = sourcecode.swift; path = Extensions.swift; sourceTree = "<group>"; };
/* End PBXFileReference section */

/* Begin PBXFrameworksBuildPhase section */
		3BF6626D2B70DD3F002D3FEE /* Frameworks */ = {
			isa = PBXFrameworksBuildPhase;
			buildActionMask = 2147483647;
			files = (
			);
			runOnlyForDeploymentPostprocessing = 0;
		};
/* End PBXFrameworksBuildPhase section */

/* Begin PBXGroup section */
		3BF662672B70DD3F002D3FEE = {
			isa = PBXGroup;
			children = (
				3BF662722B70DD3F002D3FEE /* FoodPicer */,
				3BF662712B70DD3F002D3FEE /* Products */,
			);
			sourceTree = "<group>";
		};
		3BF662712B70DD3F002D3FEE /* Products */ = {
			isa = PBXGroup;
			children = (
				3BF662702B70DD3F002D3FEE /* FoodPicer.app */,
			);
			name = Products;
			sourceTree = "<group>";
		};
		3BF662722B70DD3F002D3FEE /* FoodPicer */ = {
			isa = PBXGroup;
			children = (
				3BF662732B70DD3F002D3FEE /* FoodPicerApp.swift */,
				3BF662752B70DD3F002D3FEE /* ContentView.swift */,
				3BF662772B70DD40002D3FEE /* Assets.xcassets */,
				3BF662792B70DD40002D3FEE /* Preview Content */,
				3BF662812B70DDB4002D3FEE /* Food.swift */,
				3BF662832B72889E002D3FEE /* Extensions.swift */,
				3B1E241A2B73BF71009BBD83 /* shapeStyleView.swift */,
				3B1E241D2B74E02C009BBD83 /* FoodListView.swift */,
				3BA048EB2B824E2C00A6086B /* FoodFormView.swift */,
			);
			path = FoodPicer;
			sourceTree = "<group>";
		};
		3BF662792B70DD40002D3FEE /* Preview Content */ = {
			isa = PBXGroup;
			children = (
				3BF6627A2B70DD40002D3FEE /* Preview Assets.xcassets */,
			);
			path = "Preview Content";
			sourceTree = "<group>";
		};
/* End PBXGroup section */

/* Begin PBXNativeTarget section */
		3BF6626F2B70DD3F002D3FEE /* FoodPicer */ = {
			isa = PBXNativeTarget;
			buildConfigurationList = 3BF6627E2B70DD40002D3FEE /* Build configuration list for PBXNativeTarget "FoodPicer" */;
			buildPhases = (
				3BF6626C2B70DD3F002D3FEE /* Sources */,
				3BF6626D2B70DD3F002D3FEE /* Frameworks */,
				3BF6626E2B70DD3F002D3FEE /* Resources */,
			);
			buildRules = (
			);
			dependencies = (
			);
			name = FoodPicer;
			productName = FoodPicer;
			productReference = 3BF662702B70DD3F002D3FEE /* FoodPicer.app */;
			productType = "com.apple.product-type.application";
		};
/* End PBXNativeTarget section */

/* Begin PBXProject section */
		3BF662682B70DD3F002D3FEE /* Project object */ = {
			isa = PBXProject;
			attributes = {
				BuildIndependentTargetsInParallel = 1;
				LastSwiftUpdateCheck = 1500;
				LastUpgradeCheck = 1500;
				TargetAttributes = {
					3BF6626F2B70DD3F002D3FEE = {
						CreatedOnToolsVersion = 15.0.1;
					};
				};
			};
			buildConfigurationList = 3BF6626B2B70DD3F002D3FEE /* Build configuration list for PBXProject "FoodPicer" */;
			compatibilityVersion = "Xcode 14.0";
			developmentRegion = en;
			hasScannedForEncodings = 0;
			knownRegions = (
				en,
				Base,
			);
			mainGroup = 3BF662672B70DD3F002D3FEE;
			productRefGroup = 3BF662712B70DD3F002D3FEE /* Products */;
			projectDirPath = "";
			projectRoot = "";
			targets = (
				3BF6626F2B70DD3F002D3FEE /* FoodPicer */,
			);
		};
/* End PBXProject section */

/* Begin PBXResourcesBuildPhase section */
		3BF6626E2B70DD3F002D3FEE /* Resources */ = {
			isa = PBXResourcesBuildPhase;
			buildActionMask = 2147483647;
			files = (
				3BF6627B2B70DD40002D3FEE /* Preview Assets.xcassets in Resources */,
				3BF662782B70DD40002D3FEE /* Assets.xcassets in Resources */,
			);
			runOnlyForDeploymentPostprocessing = 0;
		};
/* End PBXResourcesBuildPhase section */

/* Begin PBXSourcesBuildPhase section */
		3BF6626C2B70DD3F002D3FEE /* Sources */ = {
			isa = PBXSourcesBuildPhase;
			buildActionMask = 2147483647;
			files = (
				3B1E241E2B74E02C009BBD83 /* FoodListView.swift in Sources */,
				3BF662762B70DD3F002D3FEE /* ContentView.swift in Sources */,
				3B1E241B2B73BF71009BBD83 /* shapeStyleView.swift in Sources */,
				3BF662742B70DD3F002D3FEE /* FoodPicerApp.swift in Sources */,
				3BF662822B70DDB4002D3FEE /* Food.swift in Sources */,
				3BA048EC2B824E2C00A6086B /* FoodFormView.swift in Sources */,
				3BF662842B72889E002D3FEE /* Extensions.swift in Sources */,
			);
			runOnlyForDeploymentPostprocessing = 0;
		};
/* End PBXSourcesBuildPhase section */

/* Begin XCBuildConfiguration section */
		3BF6627C2B70DD40002D3FEE /* Debug */ = {
			isa = XCBuildConfiguration;
			buildSettings = {
				ALWAYS_SEARCH_USER_PATHS = NO;
				ASSETCATALOG_COMPILER_GENERATE_SWIFT_ASSET_SYMBOL_EXTENSIONS = YES;
				CLANG_ANALYZER_NONNULL = YES;
				CLANG_ANALYZER_NUMBER_OBJECT_CONVERSION = YES_AGGRESSIVE;
				CLANG_CXX_LANGUAGE_STANDARD = "gnu++20";
				CLANG_ENABLE_MODULES = YES;
				CLANG_ENABLE_OBJC_ARC = YES;
				CLANG_ENABLE_OBJC_WEAK = YES;
				CLANG_WARN_BLOCK_CAPTURE_AUTORELEASING = YES;
				CLANG_WARN_BOOL_CONVERSION = YES;
				CLANG_WARN_COMMA = YES;
				CLANG_WARN_CONSTANT_CONVERSION = YES;
				CLANG_WARN_DEPRECATED_OBJC_IMPLEMENTATIONS = YES;
				CLANG_WARN_DIRECT_OBJC_ISA_USAGE = YES_ERROR;
				CLANG_WARN_DOCUMENTATION_COMMENTS = YES;
				CLANG_WARN_EMPTY_BODY = YES;
				CLANG_WARN_ENUM_CONVERSION = YES;
				CLANG_WARN_INFINITE_RECURSION = YES;
				CLANG_WARN_INT_CONVERSION = YES;
				CLANG_WARN_NON_LITERAL_NULL_CONVERSION = YES;
				CLANG_WARN_OBJC_IMPLICIT_RETAIN_SELF = YES;
				CLANG_WARN_OBJC_LITERAL_CONVERSION = YES;
				CLANG_WARN_OBJC_ROOT_CLASS = YES_ERROR;
				CLANG_WARN_QUOTED_INCLUDE_IN_FRAMEWORK_HEADER = YES;
				CLANG_WARN_RANGE_LOOP_ANALYSIS = YES;
				CLANG_WARN_STRICT_PROTOTYPES = YES;
				CLANG_WARN_SUSPICIOUS_MOVE = YES;
				CLANG_WARN_UNGUARDED_AVAILABILITY = YES_AGGRESSIVE;
				CLANG_WARN_UNREACHABLE_CODE = YES;
				CLANG_WARN__DUPLICATE_METHOD_MATCH = YES;
				COPY_PHASE_STRIP = NO;
				DEBUG_INFORMATION_FORMAT = dwarf;
				ENABLE_STRICT_OBJC_MSGSEND = YES;
				ENABLE_TESTABILITY = YES;
				ENABLE_USER_SCRIPT_SANDBOXING = YES;
				GCC_C_LANGUAGE_STANDARD = gnu17;
				GCC_DYNAMIC_NO_PIC = NO;
				GCC_NO_COMMON_BLOCKS = YES;
				GCC_OPTIMIZATION_LEVEL = 0;
				GCC_PREPROCESSOR_DEFINITIONS = (
					"DEBUG=1",
					"$(inherited)",
				);
				GCC_WARN_64_TO_32_BIT_CONVERSION = YES;
				GCC_WARN_ABOUT_RETURN_TYPE = YES_ERROR;
				GCC_WARN_UNDECLARED_SELECTOR = YES;
				GCC_WARN_UNINITIALIZED_AUTOS = YES_AGGRESSIVE;
				GCC_WARN_UNUSED_FUNCTION = YES;
				GCC_WARN_UNUSED_VARIABLE = YES;
				IPHONEOS_DEPLOYMENT_TARGET = 17.0;
				LOCALIZATION_PREFERS_STRING_CATALOGS = YES;
				MTL_ENABLE_DEBUG_INFO = INCLUDE_SOURCE;
				MTL_FAST_MATH = YES;
				ONLY_ACTIVE_ARCH = YES;
				SDKROOT = iphoneos;
				SWIFT_ACTIVE_COMPILATION_CONDITIONS = "DEBUG $(inherited)";
				SWIFT_OPTIMIZATION_LEVEL = "-Onone";
			};
			name = Debug;
		};
		3BF6627D2B70DD40002D3FEE /* Release */ = {
			isa = XCBuildConfiguration;
			buildSettings = {
				ALWAYS_SEARCH_USER_PATHS = NO;
				ASSETCATALOG_COMPILER_GENERATE_SWIFT_ASSET_SYMBOL_EXTENSIONS = YES;
				CLANG_ANALYZER_NONNULL = YES;
				CLANG_ANALYZER_NUMBER_OBJECT_CONVERSION = YES_AGGRESSIVE;
				CLANG_CXX_LANGUAGE_STANDARD = "gnu++20";
				CLANG_ENABLE_MODULES = YES;
				CLANG_ENABLE_OBJC_ARC = YES;
				CLANG_ENABLE_OBJC_WEAK = YES;
				CLANG_WARN_BLOCK_CAPTURE_AUTORELEASING = YES;
				CLANG_WARN_BOOL_CONVERSION = YES;
				CLANG_WARN_COMMA = YES;
				CLANG_WARN_CONSTANT_CONVERSION = YES;
				CLANG_WARN_DEPRECATED_OBJC_IMPLEMENTATIONS = YES;
				CLANG_WARN_DIRECT_OBJC_ISA_USAGE = YES_ERROR;
				CLANG_WARN_DOCUMENTATION_COMMENTS = YES;
				CLANG_WARN_EMPTY_BODY = YES;
				CLANG_WARN_ENUM_CONVERSION = YES;
				CLANG_WARN_INFINITE_RECURSION = YES;
				CLANG_WARN_INT_CONVERSION = YES;
				CLANG_WARN_NON_LITERAL_NULL_CONVERSION = YES;
				CLANG_WARN_OBJC_IMPLICIT_RETAIN_SELF = YES;
				CLANG_WARN_OBJC_LITERAL_CONVERSION = YES;
				CLANG_WARN_OBJC_ROOT_CLASS = YES_ERROR;
				CLANG_WARN_QUOTED_INCLUDE_IN_FRAMEWORK_HEADER = YES;
				CLANG_WARN_RANGE_LOOP_ANALYSIS = YES;
				CLANG_WARN_STRICT_PROTOTYPES = YES;
				CLANG_WARN_SUSPICIOUS_MOVE = YES;
				CLANG_WARN_UNGUARDED_AVAILABILITY = YES_AGGRESSIVE;
				CLANG_WARN_UNREACHABLE_CODE = YES;
				CLANG_WARN__DUPLICATE_METHOD_MATCH = YES;
				COPY_PHASE_STRIP = NO;
				DEBUG_INFORMATION_FORMAT = "dwarf-with-dsym";
				ENABLE_NS_ASSERTIONS = NO;
				ENABLE_STRICT_OBJC_MSGSEND = YES;
				ENABLE_USER_SCRIPT_SANDBOXING = YES;
				GCC_C_LANGUAGE_STANDARD = gnu17;
				GCC_NO_COMMON_BLOCKS = YES;
				GCC_WARN_64_TO_32_BIT_CONVERSION = YES;
				GCC_WARN_ABOUT_RETURN_TYPE = YES_ERROR;
				GCC_WARN_UNDECLARED_SELECTOR = YES;
				GCC_WARN_UNINITIALIZED_AUTOS = YES_AGGRESSIVE;
				GCC_WARN_UNUSED_FUNCTION = YES;
				GCC_WARN_UNUSED_VARIABLE = YES;
				IPHONEOS_DEPLOYMENT_TARGET = 17.0;
				LOCALIZATION_PREFERS_STRING_CATALOGS = YES;
				MTL_ENABLE_DEBUG_INFO = NO;
				MTL_FAST_MATH = YES;
				SDKROOT = iphoneos;
				SWIFT_COMPILATION_MODE = wholemodule;
				VALIDATE_PRODUCT = YES;
			};
			name = Release;
		};
		3BF6627F2B70DD40002D3FEE /* Debug */ = {
			isa = XCBuildConfiguration;
			buildSettings = {
				ASSETCATALOG_COMPILER_APPICON_NAME = AppIcon;
				ASSETCATALOG_COMPILER_GLOBAL_ACCENT_COLOR_NAME = AccentColor;
				CODE_SIGN_STYLE = Automatic;
				CURRENT_PROJECT_VERSION = 1;
				DEVELOPMENT_ASSET_PATHS = "\"FoodPicer/Preview Content\"";
				DEVELOPMENT_TEAM = 6ZFMBV5RXG;
				ENABLE_PREVIEWS = YES;
				GENERATE_INFOPLIST_FILE = YES;
				INFOPLIST_KEY_UIApplicationSceneManifest_Generation = YES;
				INFOPLIST_KEY_UIApplicationSupportsIndirectInputEvents = YES;
				INFOPLIST_KEY_UILaunchScreen_Generation = YES;
				INFOPLIST_KEY_UISupportedInterfaceOrientations_iPad = "UIInterfaceOrientationPortrait UIInterfaceOrientationPortraitUpsideDown UIInterfaceOrientationLandscapeLeft UIInterfaceOrientationLandscapeRight";
				INFOPLIST_KEY_UISupportedInterfaceOrientations_iPhone = "UIInterfaceOrientationPortrait UIInterfaceOrientationLandscapeLeft UIInterfaceOrientationLandscapeRight";
				LD_RUNPATH_SEARCH_PATHS = (
					"$(inherited)",
					"@executable_path/Frameworks",
				);
				MARKETING_VERSION = 1.0;
				PRODUCT_BUNDLE_IDENTIFIER = com.qq.947233713.jaysun.FoodPicer;
				PRODUCT_NAME = "$(TARGET_NAME)";
				SWIFT_EMIT_LOC_STRINGS = YES;
				SWIFT_VERSION = 5.0;
				TARGETED_DEVICE_FAMILY = "1,2";
			};
			name = Debug;
		};
		3BF662802B70DD40002D3FEE /* Release */ = {
			isa = XCBuildConfiguration;
			buildSettings = {
				ASSETCATALOG_COMPILER_APPICON_NAME = AppIcon;
				ASSETCATALOG_COMPILER_GLOBAL_ACCENT_COLOR_NAME = AccentColor;
				CODE_SIGN_STYLE = Automatic;
				CURRENT_PROJECT_VERSION = 1;
				DEVELOPMENT_ASSET_PATHS = "\"FoodPicer/Preview Content\"";
				DEVELOPMENT_TEAM = 6ZFMBV5RXG;
				ENABLE_PREVIEWS = YES;
				GENERATE_INFOPLIST_FILE = YES;
				INFOPLIST_KEY_UIApplicationSceneManifest_Generation = YES;
				INFOPLIST_KEY_UIApplicationSupportsIndirectInputEvents = YES;
				INFOPLIST_KEY_UILaunchScreen_Generation = YES;
				INFOPLIST_KEY_UISupportedInterfaceOrientations_iPad = "UIInterfaceOrientationPortrait UIInterfaceOrientationPortraitUpsideDown UIInterfaceOrientationLandscapeLeft UIInterfaceOrientationLandscapeRight";
				INFOPLIST_KEY_UISupportedInterfaceOrientations_iPhone = "UIInterfaceOrientationPortrait UIInterfaceOrientationLandscapeLeft UIInterfaceOrientationLandscapeRight";
				LD_RUNPATH_SEARCH_PATHS = (
					"$(inherited)",
					"@executable_path/Frameworks",
				);
				MARKETING_VERSION = 1.0;
				PRODUCT_BUNDLE_IDENTIFIER = com.qq.947233713.jaysun.FoodPicer;
				PRODUCT_NAME = "$(TARGET_NAME)";
				SWIFT_EMIT_LOC_STRINGS = YES;
				SWIFT_VERSION = 5.0;
				TARGETED_DEVICE_FAMILY = "1,2";
			};
			name = Release;
		};
/* End XCBuildConfiguration section */

/* Begin XCConfigurationList section */
		3BF6626B2B70DD3F002D3FEE /* Build configuration list for PBXProject "FoodPicer" */ = {
			isa = XCConfigurationList;
			buildConfigurations = (
				3BF6627C2B70DD40002D3FEE /* Debug */,
				3BF6627D2B70DD40002D3FEE /* Release */,
			);
			defaultConfigurationIsVisible = 0;
			defaultConfigurationName = Release;
		};
		3BF6627E2B70DD40002D3FEE /* Build configuration list for PBXNativeTarget "FoodPicer" */ = {
			isa = XCConfigurationList;
			buildConfigurations = (
				3BF6627F2B70DD40002D3FEE /* Debug */,
				3BF662802B70DD40002D3FEE /* Release */,
			);
			defaultConfigurationIsVisible = 0;
			defaultConfigurationName = Release;
		};
/* End XCConfigurationList section */
	};
	rootObject = 3BF662682B70DD3F002D3FEE /* Project object */;
}
